
Microsoft Visual Studio Solution File, Format Version 12.00
# Visual Studio Version 17
VisualStudioVersion = 17.0.32014.148
MinimumVisualStudioVersion = 10.0.40219.1
Project("{FAE04EC0-301F-11D3-BF4B-00C04F79EFBC}") = "AdminDayAndNight", "AdminDayAndNight\AdminDayAndNight.csproj", "{759CCDAF-57C4-48DB-9E50-C62771FB6270}"
EndProject
Global
	GlobalSection(SolutionConfigurationPlatforms) = preSolution
		Debug|Any CPU = Debug|Any CPU
		Release|Any CPU = Release|Any CPU
	EndGlobalSection
	GlobalSection(ProjectConfigurationPlatforms) = postSolution
		{759CCDAF-57C4-48DB-9E50-C62771FB6270}.Debug|Any CPU.ActiveCfg = Debug|Any CPU
		{759CCDAF-57C4-48DB-9E50-C62771FB6270}.Debug|Any CPU.Build.0 = Debug|Any CPU
		{759CCDAF-57C4-48DB-9E50-C62771FB6270}.Release|Any CPU.ActiveCfg = Release|Any CPU
		{759CCDAF-57C4-48DB-9E50-C62771FB6270}.Release|Any CPU.Build.0 = Release|Any CPU
	EndGlobalSection
	GlobalSection(SolutionProperties) = preSolution
		HideSolutionNode = FALSE
	EndGlobalSection
	GlobalSection(ExtensibilityGlobals) = postSolution
		SolutionGuid = {ABD8BD7D-B134-47CF-92AA-672C56D4F216}
	EndGlobalSection
EndGlobal
